{
  "name": "stylebot_js",
  "version": "1.0.0",
  "lockfileVersion": 1,
  "requires": true,
  "dependencies": {
    "abort-controller": {
      "version": "3.0.0",
      "resolved": "https://registry.npmjs.org/abort-controller/-/abort-controller-3.0.0.tgz",
      "integrity": "sha512-h8lQ8tacZYnR3vNQTgibj+tODHI5/+l06Au2Pcriv/Gmet0eaj4TwWH41sO9wnHDiQsEj19q0drzdWdeAHtweg==",
      "requires": {
        "event-target-shim": "^5.0.0"
      }
    },
    "abortcontroller-polyfill": {
      "version": "1.5.0",
      "resolved": "https://registry.npmjs.org/abortcontroller-polyfill/-/abortcontroller-polyfill-1.5.0.tgz",
      "integrity": "sha512-O6Xk757Jb4o0LMzMOMdWvxpHWrQzruYBaUruFaIOfAQRnWFxfdXYobw12jrVHGtoXk6WiiyYzc0QWN9aL62HQA=="
    },
    "airtable": {
      "version": "0.9.0",
      "resolved": "https://registry.npmjs.org/airtable/-/airtable-0.9.0.tgz",
      "integrity": "sha512-8gSNSSkS5RgqgEDbWDSZSkF/a1vy4RsT8Z0YPVr+YeoF8m8v+0FScflR+z6HiPW11dKeNym3T2wNLVIpg52X2Q==",
      "requires": {
        "abort-controller": "^3.0.0",
        "abortcontroller-polyfill": "^1.4.0",
        "lodash": "4.17.15",
        "node-fetch": "^2.6.0"
      }
    },
    "event-target-shim": {
      "version": "5.0.1",
      "resolved": "https://registry.npmjs.org/event-target-shim/-/event-target-shim-5.0.1.tgz",
      "integrity": "sha512-i/2XbnSz/uxRCU6+NdVJgKWDTM427+MqYbkQzD321DuCQJUqOuJKIA0IM2+W2xtYHdKOmZ4dR6fExsd4SXL+WQ=="
    },
    "lodash": {
      "version": "4.17.15",
      "resolved": "https://registry.npmjs.org/lodash/-/lodash-4.17.15.tgz",
      "integrity": "sha512-8xOcRHvCjnocdS5cpwXQXVzmmh5e5+saE2QGoeQmbKmRS6J3VQppPOIt0MnmE+4xlZoumy0GPG0D0MVIQbNA1A=="
    },
    "node-fetch": {
      "version": "2.6.0",
      "resolved": "https://registry.npmjs.org/node-fetch/-/node-fetch-2.6.0.tgz",
      "integrity": "sha512-8dG4H5ujfvFiqDmVu9fQ5bOHUC15JMjMY/Zumv26oOvvVJjM67KF8koCWIabKQ1GJIa9r2mMZscBq/TbdOcmNA=="
    }
  }
}
